
Microsoft Visual Studio Solution File, Format Version 12.00
# Visual Studio Version 16
VisualStudioVersion = 16.0.30114.105
MinimumVisualStudioVersion = 10.0.40219.1
Project("{FAE04EC0-301F-11D3-BF4B-00C04F79EFBC}") = "Cadastro_Estado", "Cadastro_Estado.csproj", "{7AD0136F-0B14-4CA7-A8A8-7F1443BF5782}"
EndProject
Global
	GlobalSection(SolutionConfigurationPlatforms) = preSolution
		Debug|Any CPU = Debug|Any CPU
		Release|Any CPU = Release|Any CPU
	EndGlobalSection
	GlobalSection(ProjectConfigurationPlatforms) = postSolution
		{7AD0136F-0B14-4CA7-A8A8-7F1443BF5782}.Debug|Any CPU.ActiveCfg = Debug|Any CPU
		{7AD0136F-0B14-4CA7-A8A8-7F1443BF5782}.Debug|Any CPU.Build.0 = Debug|Any CPU
		{7AD0136F-0B14-4CA7-A8A8-7F1443BF5782}.Release|Any CPU.ActiveCfg = Release|Any CPU
		{7AD0136F-0B14-4CA7-A8A8-7F1443BF5782}.Release|Any CPU.Build.0 = Release|Any CPU
	EndGlobalSection
	GlobalSection(SolutionProperties) = preSolution
		HideSolutionNode = FALSE
	EndGlobalSection
	GlobalSection(ExtensibilityGlobals) = postSolution
		SolutionGuid = {320A8CFE-63D1-4725-A1A9-91FC909BF148}
	EndGlobalSection
EndGlobal
