
Microsoft Visual Studio Solution File, Format Version 12.00
# Visual Studio Version 16
VisualStudioVersion = 16.0.31321.278
MinimumVisualStudioVersion = 10.0.40219.1
Project("{FAE04EC0-301F-11D3-BF4B-00C04F79EFBC}") = "DS-SISPRE", "DS-SISPRE.csproj", "{0C61EA5F-C943-4AAF-A010-F425E0727A02}"
EndProject
Global
	GlobalSection(SolutionConfigurationPlatforms) = preSolution
		Debug|Any CPU = Debug|Any CPU
		Release|Any CPU = Release|Any CPU
	EndGlobalSection
	GlobalSection(ProjectConfigurationPlatforms) = postSolution
		{0C61EA5F-C943-4AAF-A010-F425E0727A02}.Debug|Any CPU.ActiveCfg = Debug|Any CPU
		{0C61EA5F-C943-4AAF-A010-F425E0727A02}.Debug|Any CPU.Build.0 = Debug|Any CPU
		{0C61EA5F-C943-4AAF-A010-F425E0727A02}.Release|Any CPU.ActiveCfg = Release|Any CPU
		{0C61EA5F-C943-4AAF-A010-F425E0727A02}.Release|Any CPU.Build.0 = Release|Any CPU
	EndGlobalSection
	GlobalSection(SolutionProperties) = preSolution
		HideSolutionNode = FALSE
	EndGlobalSection
	GlobalSection(ExtensibilityGlobals) = postSolution
		SolutionGuid = {C546C377-9D2C-473E-8EAD-1360E0FE0020}
	EndGlobalSection
EndGlobal
