
Microsoft Visual Studio Solution File, Format Version 12.00
# Visual Studio Version 16
VisualStudioVersion = 16.0.31402.337
MinimumVisualStudioVersion = 10.0.40219.1
Project("{FAE04EC0-301F-11D3-BF4B-00C04F79EFBC}") = "OrcamentoTotal", "OrcamentoTotal.csproj", "{9631DD48-8BD2-43B7-88D6-FD63ECB5BC53}"
EndProject
Global
	GlobalSection(SolutionConfigurationPlatforms) = preSolution
		Debug|Any CPU = Debug|Any CPU
		Release|Any CPU = Release|Any CPU
	EndGlobalSection
	GlobalSection(ProjectConfigurationPlatforms) = postSolution
		{9631DD48-8BD2-43B7-88D6-FD63ECB5BC53}.Debug|Any CPU.ActiveCfg = Debug|Any CPU
		{9631DD48-8BD2-43B7-88D6-FD63ECB5BC53}.Debug|Any CPU.Build.0 = Debug|Any CPU
		{9631DD48-8BD2-43B7-88D6-FD63ECB5BC53}.Release|Any CPU.ActiveCfg = Release|Any CPU
		{9631DD48-8BD2-43B7-88D6-FD63ECB5BC53}.Release|Any CPU.Build.0 = Release|Any CPU
	EndGlobalSection
	GlobalSection(SolutionProperties) = preSolution
		HideSolutionNode = FALSE
	EndGlobalSection
	GlobalSection(ExtensibilityGlobals) = postSolution
		SolutionGuid = {67D662DF-25E3-4D63-96FF-7122A16C23EB}
	EndGlobalSection
EndGlobal
