
Microsoft Visual Studio Solution File, Format Version 12.00
# Visual Studio Version 16
VisualStudioVersion = 16.0.31410.357
MinimumVisualStudioVersion = 10.0.40219.1
Project("{FAE04EC0-301F-11D3-BF4B-00C04F79EFBC}") = "PesquisaNF-e", "PesquisaNF-e.csproj", "{2508A870-1176-4427-B737-2E5801C036E0}"
EndProject
Global
	GlobalSection(SolutionConfigurationPlatforms) = preSolution
		Debug|Any CPU = Debug|Any CPU
		Release|Any CPU = Release|Any CPU
	EndGlobalSection
	GlobalSection(ProjectConfigurationPlatforms) = postSolution
		{2508A870-1176-4427-B737-2E5801C036E0}.Debug|Any CPU.ActiveCfg = Debug|Any CPU
		{2508A870-1176-4427-B737-2E5801C036E0}.Debug|Any CPU.Build.0 = Debug|Any CPU
		{2508A870-1176-4427-B737-2E5801C036E0}.Release|Any CPU.ActiveCfg = Release|Any CPU
		{2508A870-1176-4427-B737-2E5801C036E0}.Release|Any CPU.Build.0 = Release|Any CPU
	EndGlobalSection
	GlobalSection(SolutionProperties) = preSolution
		HideSolutionNode = FALSE
	EndGlobalSection
	GlobalSection(ExtensibilityGlobals) = postSolution
		SolutionGuid = {3BC828A0-EE79-4CDF-B441-2C14A38DD81E}
	EndGlobalSection
EndGlobal
